
Microsoft Visual Studio Solution File, Format Version 12.00
# Visual Studio Version 17
VisualStudioVersion = 17.4.33205.214
MinimumVisualStudioVersion = 10.0.40219.1
Project("{FAE04EC0-301F-11D3-BF4B-00C04F79EFBC}") = "TravelAgency.EmployeeService.API", "TravelAgency.EmployeeService.API\TravelAgency.EmployeeService.API.csproj", "{B8B10C4D-726C-4094-A8AA-109E921F40F4}"
EndProject
Project("{2150E333-8FDC-42A3-9474-1A3956D46DE8}") = "src", "src", "{8F15248B-B743-45AB-8DAA-E2E6AF241982}"
EndProject
Project("{2150E333-8FDC-42A3-9474-1A3956D46DE8}") = "tests", "tests", "{58C0EA78-91D1-4B25-A506-C0A4A0EE3F51}"
EndProject
Project("{FAE04EC0-301F-11D3-BF4B-00C04F79EFBC}") = "TravelAgency.EmployeeService.Application", "TravelAgency.EmployeeService.Application\TravelAgency.EmployeeService.Application.csproj", "{8D01142C-9A04-4FED-B62E-51F067B7A7AD}"
EndProject
Project("{FAE04EC0-301F-11D3-BF4B-00C04F79EFBC}") = "TravelAgency.EmployeeService.Domain", "TravelAgency.EmployeeService.Domain\TravelAgency.EmployeeService.Domain.csproj", "{10280522-6D8B-436C-AA44-A3F6B3DE779D}"
EndProject
Project("{FAE04EC0-301F-11D3-BF4B-00C04F79EFBC}") = "TravelAgency.EmployeeService.Infrastructure", "TravelAgency.EmployeeService.Infrastructure\TravelAgency.EmployeeService.Infrastructure.csproj", "{B87D7BB3-610C-4433-BA07-2B16A6D2D597}"
EndProject
Project("{2150E333-8FDC-42A3-9474-1A3956D46DE8}") = "solution items", "solution items", "{720B4B7F-0110-4BA0-B435-A1A2E16B5D29}"
	ProjectSection(SolutionItems) = preProject
		nuget.config = nuget.config
		README.txt = README.txt
	EndProjectSection
EndProject
Global
	GlobalSection(SolutionConfigurationPlatforms) = preSolution
		Debug|Any CPU = Debug|Any CPU
		Release|Any CPU = Release|Any CPU
	EndGlobalSection
	GlobalSection(ProjectConfigurationPlatforms) = postSolution
		{B8B10C4D-726C-4094-A8AA-109E921F40F4}.Debug|Any CPU.ActiveCfg = Debug|Any CPU
		{B8B10C4D-726C-4094-A8AA-109E921F40F4}.Debug|Any CPU.Build.0 = Debug|Any CPU
		{B8B10C4D-726C-4094-A8AA-109E921F40F4}.Release|Any CPU.ActiveCfg = Release|Any CPU
		{B8B10C4D-726C-4094-A8AA-109E921F40F4}.Release|Any CPU.Build.0 = Release|Any CPU
		{8D01142C-9A04-4FED-B62E-51F067B7A7AD}.Debug|Any CPU.ActiveCfg = Debug|Any CPU
		{8D01142C-9A04-4FED-B62E-51F067B7A7AD}.Debug|Any CPU.Build.0 = Debug|Any CPU
		{8D01142C-9A04-4FED-B62E-51F067B7A7AD}.Release|Any CPU.ActiveCfg = Release|Any CPU
		{8D01142C-9A04-4FED-B62E-51F067B7A7AD}.Release|Any CPU.Build.0 = Release|Any CPU
		{10280522-6D8B-436C-AA44-A3F6B3DE779D}.Debug|Any CPU.ActiveCfg = Debug|Any CPU
		{10280522-6D8B-436C-AA44-A3F6B3DE779D}.Debug|Any CPU.Build.0 = Debug|Any CPU
		{10280522-6D8B-436C-AA44-A3F6B3DE779D}.Release|Any CPU.ActiveCfg = Release|Any CPU
		{10280522-6D8B-436C-AA44-A3F6B3DE779D}.Release|Any CPU.Build.0 = Release|Any CPU
		{B87D7BB3-610C-4433-BA07-2B16A6D2D597}.Debug|Any CPU.ActiveCfg = Debug|Any CPU
		{B87D7BB3-610C-4433-BA07-2B16A6D2D597}.Debug|Any CPU.Build.0 = Debug|Any CPU
		{B87D7BB3-610C-4433-BA07-2B16A6D2D597}.Release|Any CPU.ActiveCfg = Release|Any CPU
		{B87D7BB3-610C-4433-BA07-2B16A6D2D597}.Release|Any CPU.Build.0 = Release|Any CPU
	EndGlobalSection
	GlobalSection(SolutionProperties) = preSolution
		HideSolutionNode = FALSE
	EndGlobalSection
	GlobalSection(NestedProjects) = preSolution
		{B8B10C4D-726C-4094-A8AA-109E921F40F4} = {8F15248B-B743-45AB-8DAA-E2E6AF241982}
		{8D01142C-9A04-4FED-B62E-51F067B7A7AD} = {8F15248B-B743-45AB-8DAA-E2E6AF241982}
		{10280522-6D8B-436C-AA44-A3F6B3DE779D} = {8F15248B-B743-45AB-8DAA-E2E6AF241982}
		{B87D7BB3-610C-4433-BA07-2B16A6D2D597} = {8F15248B-B743-45AB-8DAA-E2E6AF241982}
	EndGlobalSection
	GlobalSection(ExtensibilityGlobals) = postSolution
		SolutionGuid = {22BFC030-AC09-4AAC-B73E-59BDA84DCE1F}
	EndGlobalSection
EndGlobal
